
Microsoft Visual Studio Solution File, Format Version 12.00
# Visual Studio Version 17
VisualStudioVersion = 17.9.34902.65
MinimumVisualStudioVersion = 10.0.40219.1
Project("{9A19103F-16F7-4668-BE54-9A1E7A4F7556}") = "ConsoleApp", "ConsoleApp.csproj", "{5C58ABD0-866E-4209-9E78-88AE97DA348A}"
EndProject
Project("{9A19103F-16F7-4668-BE54-9A1E7A4F7556}") = "Test", "..\Test\Test.csproj", "{EC77977D-D03F-45A3-91E3-781A66A048B1}"
EndProject
Global
	GlobalSection(SolutionConfigurationPlatforms) = preSolution
		Debug|Any CPU = Debug|Any CPU
		Release|Any CPU = Release|Any CPU
	EndGlobalSection
	GlobalSection(ProjectConfigurationPlatforms) = postSolution
		{5C58ABD0-866E-4209-9E78-88AE97DA348A}.Debug|Any CPU.ActiveCfg = Debug|Any CPU
		{5C58ABD0-866E-4209-9E78-88AE97DA348A}.Debug|Any CPU.Build.0 = Debug|Any CPU
		{5C58ABD0-866E-4209-9E78-88AE97DA348A}.Release|Any CPU.ActiveCfg = Release|Any CPU
		{5C58ABD0-866E-4209-9E78-88AE97DA348A}.Release|Any CPU.Build.0 = Release|Any CPU
		{EC77977D-D03F-45A3-91E3-781A66A048B1}.Debug|Any CPU.ActiveCfg = Debug|Any CPU
		{EC77977D-D03F-45A3-91E3-781A66A048B1}.Debug|Any CPU.Build.0 = Debug|Any CPU
		{EC77977D-D03F-45A3-91E3-781A66A048B1}.Release|Any CPU.ActiveCfg = Release|Any CPU
		{EC77977D-D03F-45A3-91E3-781A66A048B1}.Release|Any CPU.Build.0 = Release|Any CPU
	EndGlobalSection
	GlobalSection(SolutionProperties) = preSolution
		HideSolutionNode = FALSE
	EndGlobalSection
	GlobalSection(ExtensibilityGlobals) = postSolution
		SolutionGuid = {C8C3C456-E6B1-4543-95D0-15F36C78A8DF}
	EndGlobalSection
EndGlobal
